// !$*UTF8*$!
{
	archiveVersion = 1;
	classes = {
	};
	objectVersion = 56;
	objects = {

/* Begin PBXBuildFile section */
		CEA1D1482C18B65500FFE1F1 /* Pattern_GeneratorApp.swift in Sources */ = {isa = PBXBuildFile; fileRef = CEA1D1472C18B65500FFE1F1 /* Pattern_GeneratorApp.swift */; };
		CEA1D14A2C18B65500FFE1F1 /* ContentView.swift in Sources */ = {isa = PBXBuildFile; fileRef = CEA1D1492C18B65500FFE1F1 /* ContentView.swift */; };
		CEA1D14C2C18B65600FFE1F1 /* Assets.xcassets in Resources */ = {isa = PBXBuildFile; fileRef = CEA1D14B2C18B65600FFE1F1 /* Assets.xcassets */; };
		CEA1D14F2C18B65600FFE1F1 /* Preview Assets.xcassets in Resources */ = {isa = PBXBuildFile; fileRef = CEA1D14E2C18B65600FFE1F1 /* Preview Assets.xcassets */; };
		CEA1D1592C18B65600FFE1F1 /* Pattern_GeneratorTests.swift in Sources */ = {isa = PBXBuildFile; fileRef = CEA1D1582C18B65600FFE1F1 /* Pattern_GeneratorTests.swift */; };
		CEA1D1632C18B65600FFE1F1 /* Pattern_GeneratorUITests.swift in Sources */ = {isa = PBXBuildFile; fileRef = CEA1D1622C18B65600FFE1F1 /* Pattern_GeneratorUITests.swift */; };
		CEA1D1652C18B65600FFE1F1 /* Pattern_GeneratorUITestsLaunchTests.swift in Sources */ = {isa = PBXBuildFile; fileRef = CEA1D1642C18B65600FFE1F1 /* Pattern_GeneratorUITestsLaunchTests.swift */; };
/* End PBXBuildFile section */

/* Begin PBXContainerItemProxy section */
		CEA1D1552C18B65600FFE1F1 /* PBXContainerItemProxy */ = {
			isa = PBXContainerItemProxy;
			containerPortal = CEA1D13C2C18B65500FFE1F1 /* Project object */;
			proxyType = 1;
			remoteGlobalIDString = CEA1D1432C18B65500FFE1F1;
			remoteInfo = "Pattern Generator";
		};
		CEA1D15F2C18B65600FFE1F1 /* PBXContainerItemProxy */ = {
			isa = PBXContainerItemProxy;
			containerPortal = CEA1D13C2C18B65500FFE1F1 /* Project object */;
			proxyType = 1;
			remoteGlobalIDString = CEA1D1432C18B65500FFE1F1;
			remoteInfo = "Pattern Generator";
		};
/* End PBXContainerItemProxy section */

/* Begin PBXFileReference section */
		CEA1D1442C18B65500FFE1F1 /* Pattern Generator.app */ = {isa = PBXFileReference; explicitFileType = wrapper.application; includeInIndex = 0; path = "Pattern Generator.app"; sourceTree = BUILT_PRODUCTS_DIR; };
		CEA1D1472C18B65500FFE1F1 /* Pattern_GeneratorApp.swift */ = {isa = PBXFileReference; lastKnownFileType = sourcecode.swift; path = Pattern_GeneratorApp.swift; sourceTree = "<group>"; };
		CEA1D1492C18B65500FFE1F1 /* ContentView.swift */ = {isa = PBXFileReference; lastKnownFileType = sourcecode.swift; path = ContentView.swift; sourceTree = "<group>"; };
		CEA1D14B2C18B65600FFE1F1 /* Assets.xcassets */ = {isa = PBXFileReference; lastKnownFileType = folder.assetcatalog; path = Assets.xcassets; sourceTree = "<group>"; };
		CEA1D14E2C18B65600FFE1F1 /* Preview Assets.xcassets */ = {isa = PBXFileReference; lastKnownFileType = folder.assetcatalog; path = "Preview Assets.xcassets"; sourceTree = "<group>"; };
		CEA1D1542C18B65600FFE1F1 /* Pattern GeneratorTests.xctest */ = {isa = PBXFileReference; explicitFileType = wrapper.cfbundle; includeInIndex = 0; path = "Pattern GeneratorTests.xctest"; sourceTree = BUILT_PRODUCTS_DIR; };
		CEA1D1582C18B65600FFE1F1 /* Pattern_GeneratorTests.swift */ = {isa = PBXFileReference; lastKnownFileType = sourcecode.swift; path = Pattern_GeneratorTests.swift; sourceTree = "<group>"; };
		CEA1D15E2C18B65600FFE1F1 /* Pattern GeneratorUITests.xctest */ = {isa = PBXFileReference; explicitFileType = wrapper.cfbundle; includeInIndex = 0; path = "Pattern GeneratorUITests.xctest"; sourceTree = BUILT_PRODUCTS_DIR; };
		CEA1D1622C18B65600FFE1F1 /* Pattern_GeneratorUITests.swift */ = {isa = PBXFileReference; lastKnownFileType = sourcecode.swift; path = Pattern_GeneratorUITests.swift; sourceTree = "<group>"; };
		CEA1D1642C18B65600FFE1F1 /* Pattern_GeneratorUITestsLaunchTests.swift */ = {isa = PBXFileReference; lastKnownFileType = sourcecode.swift; path = Pattern_GeneratorUITestsLaunchTests.swift; sourceTree = "<group>"; };
/* End PBXFileReference section */

/* Begin PBXFrameworksBuildPhase section */
		CEA1D1412C18B65500FFE1F1 /* Frameworks */ = {
			isa = PBXFrameworksBuildPhase;
			buildActionMask = 2147483647;
			files = (
			);
			runOnlyForDeploymentPostprocessing = 0;
		};
		CEA1D1512C18B65600FFE1F1 /* Frameworks */ = {
			isa = PBXFrameworksBuildPhase;
			buildActionMask = 2147483647;
			files = (
			);
			runOnlyForDeploymentPostprocessing = 0;
		};
		CEA1D15B2C18B65600FFE1F1 /* Frameworks */ = {
			isa = PBXFrameworksBuildPhase;
			buildActionMask = 2147483647;
			files = (
			);
			runOnlyForDeploymentPostprocessing = 0;
		};
/* End PBXFrameworksBuildPhase section */

/* Begin PBXGroup section */
		CEA1D13B2C18B65500FFE1F1 = {
			isa = PBXGroup;
			children = (
				CEA1D1462C18B65500FFE1F1 /* Pattern Generator */,
				CEA1D1572C18B65600FFE1F1 /* Pattern GeneratorTests */,
				CEA1D1612C18B65600FFE1F1 /* Pattern GeneratorUITests */,
				CEA1D1452C18B65500FFE1F1 /* Products */,
			);
			sourceTree = "<group>";
		};
		CEA1D1452C18B65500FFE1F1 /* Products */ = {
			isa = PBXGroup;
			children = (
				CEA1D1442C18B65500FFE1F1 /* Pattern Generator.app */,
				CEA1D1542C18B65600FFE1F1 /* Pattern GeneratorTests.xctest */,
				CEA1D15E2C18B65600FFE1F1 /* Pattern GeneratorUITests.xctest */,
			);
			name = Products;
			sourceTree = "<group>";
		};
		CEA1D1462C18B65500FFE1F1 /* Pattern Generator */ = {
			isa = PBXGroup;
			children = (
				CEA1D1472C18B65500FFE1F1 /* Pattern_GeneratorApp.swift */,
				CEA1D1492C18B65500FFE1F1 /* ContentView.swift */,
				CEA1D14B2C18B65600FFE1F1 /* Assets.xcassets */,
				CEA1D14D2C18B65600FFE1F1 /* Preview Content */,
			);
			path = "Pattern Generator";
			sourceTree = "<group>";
		};
		CEA1D14D2C18B65600FFE1F1 /* Preview Content */ = {
			isa = PBXGroup;
			children = (
				CEA1D14E2C18B65600FFE1F1 /* Preview Assets.xcassets */,
			);
			path = "Preview Content";
			sourceTree = "<group>";
		};
		CEA1D1572C18B65600FFE1F1 /* Pattern GeneratorTests */ = {
			isa = PBXGroup;
			children = (
				CEA1D1582C18B65600FFE1F1 /* Pattern_GeneratorTests.swift */,
			);
			path = "Pattern GeneratorTests";
			sourceTree = "<group>";
		};
		CEA1D1612C18B65600FFE1F1 /* Pattern GeneratorUITests */ = {
			isa = PBXGroup;
			children = (
				CEA1D1622C18B65600FFE1F1 /* Pattern_GeneratorUITests.swift */,
				CEA1D1642C18B65600FFE1F1 /* Pattern_GeneratorUITestsLaunchTests.swift */,
			);
			path = "Pattern GeneratorUITests";
			sourceTree = "<group>";
		};
/* End PBXGroup section */

/* Begin PBXNativeTarget section */
		CEA1D1432C18B65500FFE1F1 /* Pattern Generator */ = {
			isa = PBXNativeTarget;
			buildConfigurationList = CEA1D1682C18B65600FFE1F1 /* Build configuration list for PBXNativeTarget "Pattern Generator" */;
			buildPhases = (
				CEA1D1402C18B65500FFE1F1 /* Sources */,
				CEA1D1412C18B65500FFE1F1 /* Frameworks */,
				CEA1D1422C18B65500FFE1F1 /* Resources */,
			);
			buildRules = (
			);
			dependencies = (
			);
			name = "Pattern Generator";
			productName = "Pattern Generator";
			productReference = CEA1D1442C18B65500FFE1F1 /* Pattern Generator.app */;
			productType = "com.apple.product-type.application";
		};
		CEA1D1532C18B65600FFE1F1 /* Pattern GeneratorTests */ = {
			isa = PBXNativeTarget;
			buildConfigurationList = CEA1D16B2C18B65600FFE1F1 /* Build configuration list for PBXNativeTarget "Pattern GeneratorTests" */;
			buildPhases = (
				CEA1D1502C18B65600FFE1F1 /* Sources */,
				CEA1D1512C18B65600FFE1F1 /* Frameworks */,
				CEA1D1522C18B65600FFE1F1 /* Resources */,
			);
			buildRules = (
			);
			dependencies = (
				CEA1D1562C18B65600FFE1F1 /* PBXTargetDependency */,
			);
			name = "Pattern GeneratorTests";
			productName = "Pattern GeneratorTests";
			productReference = CEA1D1542C18B65600FFE1F1 /* Pattern GeneratorTests.xctest */;
			productType = "com.apple.product-type.bundle.unit-test";
		};
		CEA1D15D2C18B65600FFE1F1 /* Pattern GeneratorUITests */ = {
			isa = PBXNativeTarget;
			buildConfigurationList = CEA1D16E2C18B65600FFE1F1 /* Build configuration list for PBXNativeTarget "Pattern GeneratorUITests" */;
			buildPhases = (
				CEA1D15A2C18B65600FFE1F1 /* Sources */,
				CEA1D15B2C18B65600FFE1F1 /* Frameworks */,
				CEA1D15C2C18B65600FFE1F1 /* Resources */,
			);
			buildRules = (
			);
			dependencies = (
				CEA1D1602C18B65600FFE1F1 /* PBXTargetDependency */,
			);
			name = "Pattern GeneratorUITests";
			productName = "Pattern GeneratorUITests";
			productReference = CEA1D15E2C18B65600FFE1F1 /* Pattern GeneratorUITests.xctest */;
			productType = "com.apple.product-type.bundle.ui-testing";
		};
/* End PBXNativeTarget section */

/* Begin PBXProject section */
		CEA1D13C2C18B65500FFE1F1 /* Project object */ = {
			isa = PBXProject;
			attributes = {
				BuildIndependentTargetsInParallel = 1;
				LastSwiftUpdateCheck = 1520;
				LastUpgradeCheck = 1520;
				TargetAttributes = {
					CEA1D1432C18B65500FFE1F1 = {
						CreatedOnToolsVersion = 15.2;
					};
					CEA1D1532C18B65600FFE1F1 = {
						CreatedOnToolsVersion = 15.2;
						TestTargetID = CEA1D1432C18B65500FFE1F1;
					};
					CEA1D15D2C18B65600FFE1F1 = {
						CreatedOnToolsVersion = 15.2;
						TestTargetID = CEA1D1432C18B65500FFE1F1;
					};
				};
			};
			buildConfigurationList = CEA1D13F2C18B65500FFE1F1 /* Build configuration list for PBXProject "Pattern Generator" */;
			compatibilityVersion = "Xcode 14.0";
			developmentRegion = en;
			hasScannedForEncodings = 0;
			knownRegions = (
				en,
				Base,
			);
			mainGroup = CEA1D13B2C18B65500FFE1F1;
			productRefGroup = CEA1D1452C18B65500FFE1F1 /* Products */;
			projectDirPath = "";
			projectRoot = "";
			targets = (
				CEA1D1432C18B65500FFE1F1 /* Pattern Generator */,
				CEA1D1532C18B65600FFE1F1 /* Pattern GeneratorTests */,
				CEA1D15D2C18B65600FFE1F1 /* Pattern GeneratorUITests */,
			);
		};
/* End PBXProject section */

/* Begin PBXResourcesBuildPhase section */
		CEA1D1422C18B65500FFE1F1 /* Resources */ = {
			isa = PBXResourcesBuildPhase;
			buildActionMask = 2147483647;
			files = (
				CEA1D14F2C18B65600FFE1F1 /* Preview Assets.xcassets in Resources */,
				CEA1D14C2C18B65600FFE1F1 /* Assets.xcassets in Resources */,
			);
			runOnlyForDeploymentPostprocessing = 0;
		};
		CEA1D1522C18B65600FFE1F1 /* Resources */ = {
			isa = PBXResourcesBuildPhase;
			buildActionMask = 2147483647;
			files = (
			);
			runOnlyForDeploymentPostprocessing = 0;
		};
		CEA1D15C2C18B65600FFE1F1 /* Resources */ = {
			isa = PBXResourcesBuildPhase;
			buildActionMask = 2147483647;
			files = (
			);
			runOnlyForDeploymentPostprocessing = 0;
		};
/* End PBXResourcesBuildPhase section */

/* Begin PBXSourcesBuildPhase section */
		CEA1D1402C18B65500FFE1F1 /* Sources */ = {
			isa = PBXSourcesBuildPhase;
			buildActionMask = 2147483647;
			files = (
				CEA1D14A2C18B65500FFE1F1 /* ContentView.swift in Sources */,
				CEA1D1482C18B65500FFE1F1 /* Pattern_GeneratorApp.swift in Sources */,
			);
			runOnlyForDeploymentPostprocessing = 0;
		};
		CEA1D1502C18B65600FFE1F1 /* Sources */ = {
			isa = PBXSourcesBuildPhase;
			buildActionMask = 2147483647;
			files = (
				CEA1D1592C18B65600FFE1F1 /* Pattern_GeneratorTests.swift in Sources */,
			);
			runOnlyForDeploymentPostprocessing = 0;
		};
		CEA1D15A2C18B65600FFE1F1 /* Sources */ = {
			isa = PBXSourcesBuildPhase;
			buildActionMask = 2147483647;
			files = (
				CEA1D1632C18B65600FFE1F1 /* Pattern_GeneratorUITests.swift in Sources */,
				CEA1D1652C18B65600FFE1F1 /* Pattern_GeneratorUITestsLaunchTests.swift in Sources */,
			);
			runOnlyForDeploymentPostprocessing = 0;
		};
/* End PBXSourcesBuildPhase section */

/* Begin PBXTargetDependency section */
		CEA1D1562C18B65600FFE1F1 /* PBXTargetDependency */ = {
			isa = PBXTargetDependency;
			target = CEA1D1432C18B65500FFE1F1 /* Pattern Generator */;
			targetProxy = CEA1D1552C18B65600FFE1F1 /* PBXContainerItemProxy */;
		};
		CEA1D1602C18B65600FFE1F1 /* PBXTargetDependency */ = {
			isa = PBXTargetDependency;
			target = CEA1D1432C18B65500FFE1F1 /* Pattern Generator */;
			targetProxy = CEA1D15F2C18B65600FFE1F1 /* PBXContainerItemProxy */;
		};
/* End PBXTargetDependency section */

/* Begin XCBuildConfiguration section */
		CEA1D1662C18B65600FFE1F1 /* Debug */ = {
			isa = XCBuildConfiguration;
			buildSettings = {
				ALWAYS_SEARCH_USER_PATHS = NO;
				ASSETCATALOG_COMPILER_GENERATE_SWIFT_ASSET_SYMBOL_EXTENSIONS = YES;
				CLANG_ANALYZER_NONNULL = YES;
				CLANG_ANALYZER_NUMBER_OBJECT_CONVERSION = YES_AGGRESSIVE;
				CLANG_CXX_LANGUAGE_STANDARD = "gnu++20";
				CLANG_ENABLE_MODULES = YES;
				CLANG_ENABLE_OBJC_ARC = YES;
				CLANG_ENABLE_OBJC_WEAK = YES;
				CLANG_WARN_BLOCK_CAPTURE_AUTORELEASING = YES;
				CLANG_WARN_BOOL_CONVERSION = YES;
				CLANG_WARN_COMMA = YES;
				CLANG_WARN_CONSTANT_CONVERSION = YES;
				CLANG_WARN_DEPRECATED_OBJC_IMPLEMENTATIONS = YES;
				CLANG_WARN_DIRECT_OBJC_ISA_USAGE = YES_ERROR;
				CLANG_WARN_DOCUMENTATION_COMMENTS = YES;
				CLANG_WARN_EMPTY_BODY = YES;
				CLANG_WARN_ENUM_CONVERSION = YES;
				CLANG_WARN_INFINITE_RECURSION = YES;
				CLANG_WARN_INT_CONVERSION = YES;
				CLANG_WARN_NON_LITERAL_NULL_CONVERSION = YES;
				CLANG_WARN_OBJC_IMPLICIT_RETAIN_SELF = YES;
				CLANG_WARN_OBJC_LITERAL_CONVERSION = YES;
				CLANG_WARN_OBJC_ROOT_CLASS = YES_ERROR;
				CLANG_WARN_QUOTED_INCLUDE_IN_FRAMEWORK_HEADER = YES;
				CLANG_WARN_RANGE_LOOP_ANALYSIS = YES;
				CLANG_WARN_STRICT_PROTOTYPES = YES;
				CLANG_WARN_SUSPICIOUS_MOVE = YES;
				CLANG_WARN_UNGUARDED_AVAILABILITY = YES_AGGRESSIVE;
				CLANG_WARN_UNREACHABLE_CODE = YES;
				CLANG_WARN__DUPLICATE_METHOD_MATCH = YES;
				COPY_PHASE_STRIP = NO;
				DEBUG_INFORMATION_FORMAT = dwarf;
				ENABLE_STRICT_OBJC_MSGSEND = YES;
				ENABLE_TESTABILITY = YES;
				ENABLE_USER_SCRIPT_SANDBOXING = YES;
				GCC_C_LANGUAGE_STANDARD = gnu17;
				GCC_DYNAMIC_NO_PIC = NO;
				GCC_NO_COMMON_BLOCKS = YES;
				GCC_OPTIMIZATION_LEVEL = 0;
				GCC_PREPROCESSOR_DEFINITIONS = (
					"DEBUG=1",
					"$(inherited)",
				);
				GCC_WARN_64_TO_32_BIT_CONVERSION = YES;
				GCC_WARN_ABOUT_RETURN_TYPE = YES_ERROR;
				GCC_WARN_UNDECLARED_SELECTOR = YES;
				GCC_WARN_UNINITIALIZED_AUTOS = YES_AGGRESSIVE;
				GCC_WARN_UNUSED_FUNCTION = YES;
				GCC_WARN_UNUSED_VARIABLE = YES;
				IPHONEOS_DEPLOYMENT_TARGET = 17.2;
				LOCALIZATION_PREFERS_STRING_CATALOGS = YES;
				MTL_ENABLE_DEBUG_INFO = INCLUDE_SOURCE;
				MTL_FAST_MATH = YES;
				ONLY_ACTIVE_ARCH = YES;
				SDKROOT = iphoneos;
				SWIFT_ACTIVE_COMPILATION_CONDITIONS = "DEBUG $(inherited)";
				SWIFT_OPTIMIZATION_LEVEL = "-Onone";
			};
			name = Debug;
		};
		CEA1D1672C18B65600FFE1F1 /* Release */ = {
			isa = XCBuildConfiguration;
			buildSettings = {
				ALWAYS_SEARCH_USER_PATHS = NO;
				ASSETCATALOG_COMPILER_GENERATE_SWIFT_ASSET_SYMBOL_EXTENSIONS = YES;
				CLANG_ANALYZER_NONNULL = YES;
				CLANG_ANALYZER_NUMBER_OBJECT_CONVERSION = YES_AGGRESSIVE;
				CLANG_CXX_LANGUAGE_STANDARD = "gnu++20";
				CLANG_ENABLE_MODULES = YES;
				CLANG_ENABLE_OBJC_ARC = YES;
				CLANG_ENABLE_OBJC_WEAK = YES;
				CLANG_WARN_BLOCK_CAPTURE_AUTORELEASING = YES;
				CLANG_WARN_BOOL_CONVERSION = YES;
				CLANG_WARN_COMMA = YES;
				CLANG_WARN_CONSTANT_CONVERSION = YES;
				CLANG_WARN_DEPRECATED_OBJC_IMPLEMENTATIONS = YES;
				CLANG_WARN_DIRECT_OBJC_ISA_USAGE = YES_ERROR;
				CLANG_WARN_DOCUMENTATION_COMMENTS = YES;
				CLANG_WARN_EMPTY_BODY = YES;
				CLANG_WARN_ENUM_CONVERSION = YES;
				CLANG_WARN_INFINITE_RECURSION = YES;
				CLANG_WARN_INT_CONVERSION = YES;
				CLANG_WARN_NON_LITERAL_NULL_CONVERSION = YES;
				CLANG_WARN_OBJC_IMPLICIT_RETAIN_SELF = YES;
				CLANG_WARN_OBJC_LITERAL_CONVERSION = YES;
				CLANG_WARN_OBJC_ROOT_CLASS = YES_ERROR;
				CLANG_WARN_QUOTED_INCLUDE_IN_FRAMEWORK_HEADER = YES;
				CLANG_WARN_RANGE_LOOP_ANALYSIS = YES;
				CLANG_WARN_STRICT_PROTOTYPES = YES;
				CLANG_WARN_SUSPICIOUS_MOVE = YES;
				CLANG_WARN_UNGUARDED_AVAILABILITY = YES_AGGRESSIVE;
				CLANG_WARN_UNREACHABLE_CODE = YES;
				CLANG_WARN__DUPLICATE_METHOD_MATCH = YES;
				COPY_PHASE_STRIP = NO;
				DEBUG_INFORMATION_FORMAT = "dwarf-with-dsym";
				ENABLE_NS_ASSERTIONS = NO;
				ENABLE_STRICT_OBJC_MSGSEND = YES;
				ENABLE_USER_SCRIPT_SANDBOXING = YES;
				GCC_C_LANGUAGE_STANDARD = gnu17;
				GCC_NO_COMMON_BLOCKS = YES;
				GCC_WARN_64_TO_32_BIT_CONVERSION = YES;
				GCC_WARN_ABOUT_RETURN_TYPE = YES_ERROR;
				GCC_WARN_UNDECLARED_SELECTOR = YES;
				GCC_WARN_UNINITIALIZED_AUTOS = YES_AGGRESSIVE;
				GCC_WARN_UNUSED_FUNCTION = YES;
				GCC_WARN_UNUSED_VARIABLE = YES;
				IPHONEOS_DEPLOYMENT_TARGET = 17.2;
				LOCALIZATION_PREFERS_STRING_CATALOGS = YES;
				MTL_ENABLE_DEBUG_INFO = NO;
				MTL_FAST_MATH = YES;
				SDKROOT = iphoneos;
				SWIFT_COMPILATION_MODE = wholemodule;
				VALIDATE_PRODUCT = YES;
			};
			name = Release;
		};
		CEA1D1692C18B65600FFE1F1 /* Debug */ = {
			isa = XCBuildConfiguration;
			buildSettings = {
				ASSETCATALOG_COMPILER_APPICON_NAME = AppIcon;
				ASSETCATALOG_COMPILER_GLOBAL_ACCENT_COLOR_NAME = AccentColor;
				CODE_SIGN_STYLE = Automatic;
				CURRENT_PROJECT_VERSION = 1;
				DEVELOPMENT_ASSET_PATHS = "\"Pattern Generator/Preview Content\"";
				ENABLE_PREVIEWS = YES;
				GENERATE_INFOPLIST_FILE = YES;
				INFOPLIST_KEY_UIApplicationSceneManifest_Generation = YES;
				INFOPLIST_KEY_UIApplicationSupportsIndirectInputEvents = YES;
				INFOPLIST_KEY_UILaunchScreen_Generation = YES;
				INFOPLIST_KEY_UISupportedInterfaceOrientations_iPad = "UIInterfaceOrientationPortrait UIInterfaceOrientationPortraitUpsideDown UIInterfaceOrientationLandscapeLeft UIInterfaceOrientationLandscapeRight";
				INFOPLIST_KEY_UISupportedInterfaceOrientations_iPhone = "UIInterfaceOrientationPortrait UIInterfaceOrientationLandscapeLeft UIInterfaceOrientationLandscapeRight";
				LD_RUNPATH_SEARCH_PATHS = (
					"$(inherited)",
					"@executable_path/Frameworks",
				);
				MARKETING_VERSION = 1.0;
				PRODUCT_BUNDLE_IDENTIFIER = "compsci.nick.Pattern-Generator";
				PRODUCT_NAME = "$(TARGET_NAME)";
				SWIFT_EMIT_LOC_STRINGS = YES;
				SWIFT_VERSION = 5.0;
				TARGETED_DEVICE_FAMILY = "1,2";
			};
			name = Debug;
		};
		CEA1D16A2C18B65600FFE1F1 /* Release */ = {
			isa = XCBuildConfiguration;
			buildSettings = {
				ASSETCATALOG_COMPILER_APPICON_NAME = AppIcon;
				ASSETCATALOG_COMPILER_GLOBAL_ACCENT_COLOR_NAME = AccentColor;
				CODE_SIGN_STYLE = Automatic;
				CURRENT_PROJECT_VERSION = 1;
				DEVELOPMENT_ASSET_PATHS = "\"Pattern Generator/Preview Content\"";
				ENABLE_PREVIEWS = YES;
				GENERATE_INFOPLIST_FILE = YES;
				INFOPLIST_KEY_UIApplicationSceneManifest_Generation = YES;
				INFOPLIST_KEY_UIApplicationSupportsIndirectInputEvents = YES;
				INFOPLIST_KEY_UILaunchScreen_Generation = YES;
				INFOPLIST_KEY_UISupportedInterfaceOrientations_iPad = "UIInterfaceOrientationPortrait UIInterfaceOrientationPortraitUpsideDown UIInterfaceOrientationLandscapeLeft UIInterfaceOrientationLandscapeRight";
				INFOPLIST_KEY_UISupportedInterfaceOrientations_iPhone = "UIInterfaceOrientationPortrait UIInterfaceOrientationLandscapeLeft UIInterfaceOrientationLandscapeRight";
				LD_RUNPATH_SEARCH_PATHS = (
					"$(inherited)",
					"@executable_path/Frameworks",
				);
				MARKETING_VERSION = 1.0;
				PRODUCT_BUNDLE_IDENTIFIER = "compsci.nick.Pattern-Generator";
				PRODUCT_NAME = "$(TARGET_NAME)";
				SWIFT_EMIT_LOC_STRINGS = YES;
				SWIFT_VERSION = 5.0;
				TARGETED_DEVICE_FAMILY = "1,2";
			};
			name = Release;
		};
		CEA1D16C2C18B65600FFE1F1 /* Debug */ = {
			isa = XCBuildConfiguration;
			buildSettings = {
				ALWAYS_EMBED_SWIFT_STANDARD_LIBRARIES = YES;
				BUNDLE_LOADER = "$(TEST_HOST)";
				CODE_SIGN_STYLE = Automatic;
				CURRENT_PROJECT_VERSION = 1;
				GENERATE_INFOPLIST_FILE = YES;
				IPHONEOS_DEPLOYMENT_TARGET = 17.2;
				MARKETING_VERSION = 1.0;
				PRODUCT_BUNDLE_IDENTIFIER = "compsci.nick.Pattern-GeneratorTests";
				PRODUCT_NAME = "$(TARGET_NAME)";
				SWIFT_EMIT_LOC_STRINGS = NO;
				SWIFT_VERSION = 5.0;
				TARGETED_DEVICE_FAMILY = "1,2";
				TEST_HOST = "$(BUILT_PRODUCTS_DIR)/Pattern Generator.app/$(BUNDLE_EXECUTABLE_FOLDER_PATH)/Pattern Generator";
			};
			name = Debug;
		};
		CEA1D16D2C18B65600FFE1F1 /* Release */ = {
			isa = XCBuildConfiguration;
			buildSettings = {
				ALWAYS_EMBED_SWIFT_STANDARD_LIBRARIES = YES;
				BUNDLE_LOADER = "$(TEST_HOST)";
				CODE_SIGN_STYLE = Automatic;
				CURRENT_PROJECT_VERSION = 1;
				GENERATE_INFOPLIST_FILE = YES;
				IPHONEOS_DEPLOYMENT_TARGET = 17.2;
				MARKETING_VERSION = 1.0;
				PRODUCT_BUNDLE_IDENTIFIER = "compsci.nick.Pattern-GeneratorTests";
				PRODUCT_NAME = "$(TARGET_NAME)";
				SWIFT_EMIT_LOC_STRINGS = NO;
				SWIFT_VERSION = 5.0;
				TARGETED_DEVICE_FAMILY = "1,2";
				TEST_HOST = "$(BUILT_PRODUCTS_DIR)/Pattern Generator.app/$(BUNDLE_EXECUTABLE_FOLDER_PATH)/Pattern Generator";
			};
			name = Release;
		};
		CEA1D16F2C18B65600FFE1F1 /* Debug */ = {
			isa = XCBuildConfiguration;
			buildSettings = {
				ALWAYS_EMBED_SWIFT_STANDARD_LIBRARIES = YES;
				CODE_SIGN_STYLE = Automatic;
				CURRENT_PROJECT_VERSION = 1;
				GENERATE_INFOPLIST_FILE = YES;
				MARKETING_VERSION = 1.0;
				PRODUCT_BUNDLE_IDENTIFIER = "compsci.nick.Pattern-GeneratorUITests";
				PRODUCT_NAME = "$(TARGET_NAME)";
				SWIFT_EMIT_LOC_STRINGS = NO;
				SWIFT_VERSION = 5.0;
				TARGETED_DEVICE_FAMILY = "1,2";
				TEST_TARGET_NAME = "Pattern Generator";
			};
			name = Debug;
		};
		CEA1D1702C18B65600FFE1F1 /* Release */ = {
			isa = XCBuildConfiguration;
			buildSettings = {
				ALWAYS_EMBED_SWIFT_STANDARD_LIBRARIES = YES;
				CODE_SIGN_STYLE = Automatic;
				CURRENT_PROJECT_VERSION = 1;
				GENERATE_INFOPLIST_FILE = YES;
				MARKETING_VERSION = 1.0;
				PRODUCT_BUNDLE_IDENTIFIER = "compsci.nick.Pattern-GeneratorUITests";
				PRODUCT_NAME = "$(TARGET_NAME)";
				SWIFT_EMIT_LOC_STRINGS = NO;
				SWIFT_VERSION = 5.0;
				TARGETED_DEVICE_FAMILY = "1,2";
				TEST_TARGET_NAME = "Pattern Generator";
			};
			name = Release;
		};
/* End XCBuildConfiguration section */

/* Begin XCConfigurationList section */
		CEA1D13F2C18B65500FFE1F1 /* Build configuration list for PBXProject "Pattern Generator" */ = {
			isa = XCConfigurationList;
			buildConfigurations = (
				CEA1D1662C18B65600FFE1F1 /* Debug */,
				CEA1D1672C18B65600FFE1F1 /* Release */,
			);
			defaultConfigurationIsVisible = 0;
			defaultConfigurationName = Release;
		};
		CEA1D1682C18B65600FFE1F1 /* Build configuration list for PBXNativeTarget "Pattern Generator" */ = {
			isa = XCConfigurationList;
			buildConfigurations = (
				CEA1D1692C18B65600FFE1F1 /* Debug */,
				CEA1D16A2C18B65600FFE1F1 /* Release */,
			);
			defaultConfigurationIsVisible = 0;
			defaultConfigurationName = Release;
		};
		CEA1D16B2C18B65600FFE1F1 /* Build configuration list for PBXNativeTarget "Pattern GeneratorTests" */ = {
			isa = XCConfigurationList;
			buildConfigurations = (
				CEA1D16C2C18B65600FFE1F1 /* Debug */,
				CEA1D16D2C18B65600FFE1F1 /* Release */,
			);
			defaultConfigurationIsVisible = 0;
			defaultConfigurationName = Release;
		};
		CEA1D16E2C18B65600FFE1F1 /* Build configuration list for PBXNativeTarget "Pattern GeneratorUITests" */ = {
			isa = XCConfigurationList;
			buildConfigurations = (
				CEA1D16F2C18B65600FFE1F1 /* Debug */,
				CEA1D1702C18B65600FFE1F1 /* Release */,
			);
			defaultConfigurationIsVisible = 0;
			defaultConfigurationName = Release;
		};
/* End XCConfigurationList section */
	};
	rootObject = CEA1D13C2C18B65500FFE1F1 /* Project object */;
}
